
Microsoft Visual Studio Solution File, Format Version 12.00
# Visual Studio Version 16
VisualStudioVersion = 16.0.35931.194
MinimumVisualStudioVersion = 10.0.40219.1
Project("{FAE04EC0-301F-11D3-BF4B-00C04F79EFBC}") = "OgrenciNotMvc", "OgrenciNotMvc.csproj", "{8979821E-5E0D-4EAB-9F38-D5A257E6A5FB}"
EndProject
Global
	GlobalSection(SolutionConfigurationPlatforms) = preSolution
		Debug|Any CPU = Debug|Any CPU
		Release|Any CPU = Release|Any CPU
	EndGlobalSection
	GlobalSection(ProjectConfigurationPlatforms) = postSolution
		{8979821E-5E0D-4EAB-9F38-D5A257E6A5FB}.Debug|Any CPU.ActiveCfg = Debug|Any CPU
		{8979821E-5E0D-4EAB-9F38-D5A257E6A5FB}.Debug|Any CPU.Build.0 = Debug|Any CPU
		{8979821E-5E0D-4EAB-9F38-D5A257E6A5FB}.Release|Any CPU.ActiveCfg = Release|Any CPU
		{8979821E-5E0D-4EAB-9F38-D5A257E6A5FB}.Release|Any CPU.Build.0 = Release|Any CPU
	EndGlobalSection
	GlobalSection(SolutionProperties) = preSolution
		HideSolutionNode = FALSE
	EndGlobalSection
	GlobalSection(ExtensibilityGlobals) = postSolution
		SolutionGuid = {1D0BF60F-84FA-41F0-9645-745224F79A90}
	EndGlobalSection
EndGlobal
